go.starlark.net v0.0.0-20240123142251-f86470692795 h1:LmbG8Pq7KDGkglKVn8VpZOZj6vb9b8nKEGcg9l03epM=
go.starlark.net v0.0.0-20240123142251-f86470692795/go.mod h1:LcLNIzVOMp4oV+uusnpk+VU+SzXaJakUuBjoCSWH5dM=
golang.org/x/sys v0.0.0-20220715151400-c0bba94af5f8 h1:0A+M6Uqn+Eje4kHMK80dtF3JCXC4ykBgQG4Fe06QRhQ=
golang.org/x/sys v0.0.0-20220715151400-c0bba94af5f8/go.mod h1:oPkhp1MJrh7nUepCBck5+mAzfO9JrbApNNgaTdGDITg=
